
Microsoft Visual Studio Solution File, Format Version 11.00
# Visual Studio 2010
Project("{FAE04EC0-301F-11D3-BF4B-00C04F79EFBC}") = "001", "001\001.csproj", "{686E138E-762F-4768-9EBB-145F50AF1C0A}"
EndProject
Project("{FAE04EC0-301F-11D3-BF4B-00C04F79EFBC}") = "002", "002\002.csproj", "{AC62616D-71B7-4E93-BBB6-E1499D821E89}"
EndProject
Project("{FAE04EC0-301F-11D3-BF4B-00C04F79EFBC}") = "003", "003\003.csproj", "{5C4DB277-A8A6-4709-94E1-4CC186D93BAB}"
EndProject
Project("{FAE04EC0-301F-11D3-BF4B-00C04F79EFBC}") = "004", "004\004.csproj", "{AD1A6E26-A8F8-4739-B808-C63E7E60D76F}"
EndProject
Project("{FAE04EC0-301F-11D3-BF4B-00C04F79EFBC}") = "005", "005\005.csproj", "{49618DCE-F218-4AB4-BE23-8BAC6F1CF325}"
EndProject
Project("{FAE04EC0-301F-11D3-BF4B-00C04F79EFBC}") = "006", "006\006.csproj", "{545ADBF1-9C94-4C36-8DBC-66D85EA4747A}"
EndProject
Project("{FAE04EC0-301F-11D3-BF4B-00C04F79EFBC}") = "007", "007\007.csproj", "{2C0F89EA-11A2-41DE-AC1B-F36D8A8936AB}"
EndProject
Project("{FAE04EC0-301F-11D3-BF4B-00C04F79EFBC}") = "008", "008\008.csproj", "{E59663A0-ABC5-45FF-B29B-7008E8D2415F}"
EndProject
Project("{FAE04EC0-301F-11D3-BF4B-00C04F79EFBC}") = "009", "009\009.csproj", "{217882E4-6E98-41BA-9246-E7C5B0C660E9}"
EndProject
Project("{FAE04EC0-301F-11D3-BF4B-00C04F79EFBC}") = "010", "010\010.csproj", "{BAC3EF11-43A9-4333-A360-989074A3B378}"
EndProject
Project("{FAE04EC0-301F-11D3-BF4B-00C04F79EFBC}") = "011", "011\011.csproj", "{C5557666-BBBF-42CB-8F2C-0F717B481011}"
EndProject
Project("{FAE04EC0-301F-11D3-BF4B-00C04F79EFBC}") = "012", "012\012.csproj", "{C8CA4594-9EBB-4557-AC22-E10878E60076}"
EndProject
Project("{FAE04EC0-301F-11D3-BF4B-00C04F79EFBC}") = "013", "013\013.csproj", "{762F4808-97DF-4EAA-A14F-1A3834EE442E}"
EndProject
Project("{FAE04EC0-301F-11D3-BF4B-00C04F79EFBC}") = "014", "014\014.csproj", "{A4EE0D8C-260E-4A40-8543-931AC59CD610}"
EndProject
Project("{FAE04EC0-301F-11D3-BF4B-00C04F79EFBC}") = "015", "015\015.csproj", "{E41B5AE3-8139-4EE4-B5A8-5E0E6CF08327}"
EndProject
Project("{FAE04EC0-301F-11D3-BF4B-00C04F79EFBC}") = "016", "016\016.csproj", "{FFA80C0A-AE19-4D18-AA02-404536965D53}"
EndProject
Project("{FAE04EC0-301F-11D3-BF4B-00C04F79EFBC}") = "017", "017\017.csproj", "{DC138C48-2E86-4700-8B03-316BCB109D6A}"
EndProject
Project("{FAE04EC0-301F-11D3-BF4B-00C04F79EFBC}") = "018", "018\018.csproj", "{3E340965-8738-4B19-B81C-A6CE5CECD6A3}"
EndProject
Project("{FAE04EC0-301F-11D3-BF4B-00C04F79EFBC}") = "019", "019\019.csproj", "{C0D80B73-6968-4D72-ABA3-7379EEBFF8F8}"
EndProject
Project("{FAE04EC0-301F-11D3-BF4B-00C04F79EFBC}") = "020", "020\020.csproj", "{5181BF05-9146-4CAB-B89A-265E62E149F8}"
EndProject
Project("{FAE04EC0-301F-11D3-BF4B-00C04F79EFBC}") = "021", "021\021.csproj", "{A8D9F02A-C50A-4E41-B1B1-9917940F9F94}"
EndProject
Project("{FAE04EC0-301F-11D3-BF4B-00C04F79EFBC}") = "022", "022\022.csproj", "{5DA46ED0-30B3-4E73-AE93-CE42DFE5A838}"
EndProject
Project("{FAE04EC0-301F-11D3-BF4B-00C04F79EFBC}") = "023", "023\023.csproj", "{7036EE14-4E32-419D-B542-6241FF1E5C71}"
EndProject
Project("{FAE04EC0-301F-11D3-BF4B-00C04F79EFBC}") = "024", "024\024.csproj", "{79593E05-F2D7-46FC-BD18-13762C5966AB}"
EndProject
Project("{FAE04EC0-301F-11D3-BF4B-00C04F79EFBC}") = "025", "025\025.csproj", "{19CC2B7D-3D79-4EC1-A2B9-BFF1F937F35F}"
EndProject
Project("{FAE04EC0-301F-11D3-BF4B-00C04F79EFBC}") = "026", "026\026.csproj", "{BFC565D7-43A7-4415-B4EE-742E0D923EEE}"
EndProject
Global
	GlobalSection(SolutionConfigurationPlatforms) = preSolution
		Debug|x86 = Debug|x86
		Release|x86 = Release|x86
	EndGlobalSection
	GlobalSection(ProjectConfigurationPlatforms) = postSolution
		{686E138E-762F-4768-9EBB-145F50AF1C0A}.Debug|x86.ActiveCfg = Debug|x86
		{686E138E-762F-4768-9EBB-145F50AF1C0A}.Debug|x86.Build.0 = Debug|x86
		{686E138E-762F-4768-9EBB-145F50AF1C0A}.Release|x86.ActiveCfg = Release|x86
		{686E138E-762F-4768-9EBB-145F50AF1C0A}.Release|x86.Build.0 = Release|x86
		{AC62616D-71B7-4E93-BBB6-E1499D821E89}.Debug|x86.ActiveCfg = Debug|x86
		{AC62616D-71B7-4E93-BBB6-E1499D821E89}.Debug|x86.Build.0 = Debug|x86
		{AC62616D-71B7-4E93-BBB6-E1499D821E89}.Release|x86.ActiveCfg = Release|x86
		{AC62616D-71B7-4E93-BBB6-E1499D821E89}.Release|x86.Build.0 = Release|x86
		{5C4DB277-A8A6-4709-94E1-4CC186D93BAB}.Debug|x86.ActiveCfg = Debug|x86
		{5C4DB277-A8A6-4709-94E1-4CC186D93BAB}.Debug|x86.Build.0 = Debug|x86
		{5C4DB277-A8A6-4709-94E1-4CC186D93BAB}.Release|x86.ActiveCfg = Release|x86
		{5C4DB277-A8A6-4709-94E1-4CC186D93BAB}.Release|x86.Build.0 = Release|x86
		{AD1A6E26-A8F8-4739-B808-C63E7E60D76F}.Debug|x86.ActiveCfg = Debug|x86
		{AD1A6E26-A8F8-4739-B808-C63E7E60D76F}.Debug|x86.Build.0 = Debug|x86
		{AD1A6E26-A8F8-4739-B808-C63E7E60D76F}.Release|x86.ActiveCfg = Release|x86
		{AD1A6E26-A8F8-4739-B808-C63E7E60D76F}.Release|x86.Build.0 = Release|x86
		{49618DCE-F218-4AB4-BE23-8BAC6F1CF325}.Debug|x86.ActiveCfg = Debug|x86
		{49618DCE-F218-4AB4-BE23-8BAC6F1CF325}.Debug|x86.Build.0 = Debug|x86
		{49618DCE-F218-4AB4-BE23-8BAC6F1CF325}.Release|x86.ActiveCfg = Release|x86
		{49618DCE-F218-4AB4-BE23-8BAC6F1CF325}.Release|x86.Build.0 = Release|x86
		{545ADBF1-9C94-4C36-8DBC-66D85EA4747A}.Debug|x86.ActiveCfg = Debug|x86
		{545ADBF1-9C94-4C36-8DBC-66D85EA4747A}.Debug|x86.Build.0 = Debug|x86
		{545ADBF1-9C94-4C36-8DBC-66D85EA4747A}.Release|x86.ActiveCfg = Release|x86
		{545ADBF1-9C94-4C36-8DBC-66D85EA4747A}.Release|x86.Build.0 = Release|x86
		{2C0F89EA-11A2-41DE-AC1B-F36D8A8936AB}.Debug|x86.ActiveCfg = Debug|x86
		{2C0F89EA-11A2-41DE-AC1B-F36D8A8936AB}.Debug|x86.Build.0 = Debug|x86
		{2C0F89EA-11A2-41DE-AC1B-F36D8A8936AB}.Release|x86.ActiveCfg = Release|x86
		{2C0F89EA-11A2-41DE-AC1B-F36D8A8936AB}.Release|x86.Build.0 = Release|x86
		{E59663A0-ABC5-45FF-B29B-7008E8D2415F}.Debug|x86.ActiveCfg = Debug|x86
		{E59663A0-ABC5-45FF-B29B-7008E8D2415F}.Debug|x86.Build.0 = Debug|x86
		{E59663A0-ABC5-45FF-B29B-7008E8D2415F}.Release|x86.ActiveCfg = Release|x86
		{E59663A0-ABC5-45FF-B29B-7008E8D2415F}.Release|x86.Build.0 = Release|x86
		{217882E4-6E98-41BA-9246-E7C5B0C660E9}.Debug|x86.ActiveCfg = Debug|x86
		{217882E4-6E98-41BA-9246-E7C5B0C660E9}.Debug|x86.Build.0 = Debug|x86
		{217882E4-6E98-41BA-9246-E7C5B0C660E9}.Release|x86.ActiveCfg = Release|x86
		{217882E4-6E98-41BA-9246-E7C5B0C660E9}.Release|x86.Build.0 = Release|x86
		{BAC3EF11-43A9-4333-A360-989074A3B378}.Debug|x86.ActiveCfg = Debug|x86
		{BAC3EF11-43A9-4333-A360-989074A3B378}.Debug|x86.Build.0 = Debug|x86
		{BAC3EF11-43A9-4333-A360-989074A3B378}.Release|x86.ActiveCfg = Release|x86
		{BAC3EF11-43A9-4333-A360-989074A3B378}.Release|x86.Build.0 = Release|x86
		{C5557666-BBBF-42CB-8F2C-0F717B481011}.Debug|x86.ActiveCfg = Debug|x86
		{C5557666-BBBF-42CB-8F2C-0F717B481011}.Debug|x86.Build.0 = Debug|x86
		{C5557666-BBBF-42CB-8F2C-0F717B481011}.Release|x86.ActiveCfg = Release|x86
		{C5557666-BBBF-42CB-8F2C-0F717B481011}.Release|x86.Build.0 = Release|x86
		{C8CA4594-9EBB-4557-AC22-E10878E60076}.Debug|x86.ActiveCfg = Debug|x86
		{C8CA4594-9EBB-4557-AC22-E10878E60076}.Debug|x86.Build.0 = Debug|x86
		{C8CA4594-9EBB-4557-AC22-E10878E60076}.Release|x86.ActiveCfg = Release|x86
		{C8CA4594-9EBB-4557-AC22-E10878E60076}.Release|x86.Build.0 = Release|x86
		{762F4808-97DF-4EAA-A14F-1A3834EE442E}.Debug|x86.ActiveCfg = Debug|x86
		{762F4808-97DF-4EAA-A14F-1A3834EE442E}.Debug|x86.Build.0 = Debug|x86
		{762F4808-97DF-4EAA-A14F-1A3834EE442E}.Release|x86.ActiveCfg = Release|x86
		{762F4808-97DF-4EAA-A14F-1A3834EE442E}.Release|x86.Build.0 = Release|x86
		{A4EE0D8C-260E-4A40-8543-931AC59CD610}.Debug|x86.ActiveCfg = Debug|x86
		{A4EE0D8C-260E-4A40-8543-931AC59CD610}.Debug|x86.Build.0 = Debug|x86
		{A4EE0D8C-260E-4A40-8543-931AC59CD610}.Release|x86.ActiveCfg = Release|x86
		{A4EE0D8C-260E-4A40-8543-931AC59CD610}.Release|x86.Build.0 = Release|x86
		{E41B5AE3-8139-4EE4-B5A8-5E0E6CF08327}.Debug|x86.ActiveCfg = Debug|x86
		{E41B5AE3-8139-4EE4-B5A8-5E0E6CF08327}.Debug|x86.Build.0 = Debug|x86
		{E41B5AE3-8139-4EE4-B5A8-5E0E6CF08327}.Release|x86.ActiveCfg = Release|x86
		{E41B5AE3-8139-4EE4-B5A8-5E0E6CF08327}.Release|x86.Build.0 = Release|x86
		{FFA80C0A-AE19-4D18-AA02-404536965D53}.Debug|x86.ActiveCfg = Debug|x86
		{FFA80C0A-AE19-4D18-AA02-404536965D53}.Debug|x86.Build.0 = Debug|x86
		{FFA80C0A-AE19-4D18-AA02-404536965D53}.Release|x86.ActiveCfg = Release|x86
		{FFA80C0A-AE19-4D18-AA02-404536965D53}.Release|x86.Build.0 = Release|x86
		{DC138C48-2E86-4700-8B03-316BCB109D6A}.Debug|x86.ActiveCfg = Debug|x86
		{DC138C48-2E86-4700-8B03-316BCB109D6A}.Debug|x86.Build.0 = Debug|x86
		{DC138C48-2E86-4700-8B03-316BCB109D6A}.Release|x86.ActiveCfg = Release|x86
		{DC138C48-2E86-4700-8B03-316BCB109D6A}.Release|x86.Build.0 = Release|x86
		{3E340965-8738-4B19-B81C-A6CE5CECD6A3}.Debug|x86.ActiveCfg = Debug|x86
		{3E340965-8738-4B19-B81C-A6CE5CECD6A3}.Debug|x86.Build.0 = Debug|x86
		{3E340965-8738-4B19-B81C-A6CE5CECD6A3}.Release|x86.ActiveCfg = Release|x86
		{3E340965-8738-4B19-B81C-A6CE5CECD6A3}.Release|x86.Build.0 = Release|x86
		{C0D80B73-6968-4D72-ABA3-7379EEBFF8F8}.Debug|x86.ActiveCfg = Debug|x86
		{C0D80B73-6968-4D72-ABA3-7379EEBFF8F8}.Debug|x86.Build.0 = Debug|x86
		{C0D80B73-6968-4D72-ABA3-7379EEBFF8F8}.Release|x86.ActiveCfg = Release|x86
		{C0D80B73-6968-4D72-ABA3-7379EEBFF8F8}.Release|x86.Build.0 = Release|x86
		{5181BF05-9146-4CAB-B89A-265E62E149F8}.Debug|x86.ActiveCfg = Debug|x86
		{5181BF05-9146-4CAB-B89A-265E62E149F8}.Debug|x86.Build.0 = Debug|x86
		{5181BF05-9146-4CAB-B89A-265E62E149F8}.Release|x86.ActiveCfg = Release|x86
		{5181BF05-9146-4CAB-B89A-265E62E149F8}.Release|x86.Build.0 = Release|x86
		{A8D9F02A-C50A-4E41-B1B1-9917940F9F94}.Debug|x86.ActiveCfg = Debug|x86
		{A8D9F02A-C50A-4E41-B1B1-9917940F9F94}.Debug|x86.Build.0 = Debug|x86
		{A8D9F02A-C50A-4E41-B1B1-9917940F9F94}.Release|x86.ActiveCfg = Release|x86
		{A8D9F02A-C50A-4E41-B1B1-9917940F9F94}.Release|x86.Build.0 = Release|x86
		{5DA46ED0-30B3-4E73-AE93-CE42DFE5A838}.Debug|x86.ActiveCfg = Debug|x86
		{5DA46ED0-30B3-4E73-AE93-CE42DFE5A838}.Debug|x86.Build.0 = Debug|x86
		{5DA46ED0-30B3-4E73-AE93-CE42DFE5A838}.Release|x86.ActiveCfg = Release|x86
		{5DA46ED0-30B3-4E73-AE93-CE42DFE5A838}.Release|x86.Build.0 = Release|x86
		{7036EE14-4E32-419D-B542-6241FF1E5C71}.Debug|x86.ActiveCfg = Debug|x86
		{7036EE14-4E32-419D-B542-6241FF1E5C71}.Debug|x86.Build.0 = Debug|x86
		{7036EE14-4E32-419D-B542-6241FF1E5C71}.Release|x86.ActiveCfg = Release|x86
		{7036EE14-4E32-419D-B542-6241FF1E5C71}.Release|x86.Build.0 = Release|x86
		{79593E05-F2D7-46FC-BD18-13762C5966AB}.Debug|x86.ActiveCfg = Debug|x86
		{79593E05-F2D7-46FC-BD18-13762C5966AB}.Debug|x86.Build.0 = Debug|x86
		{79593E05-F2D7-46FC-BD18-13762C5966AB}.Release|x86.ActiveCfg = Release|x86
		{79593E05-F2D7-46FC-BD18-13762C5966AB}.Release|x86.Build.0 = Release|x86
		{19CC2B7D-3D79-4EC1-A2B9-BFF1F937F35F}.Debug|x86.ActiveCfg = Debug|x86
		{19CC2B7D-3D79-4EC1-A2B9-BFF1F937F35F}.Debug|x86.Build.0 = Debug|x86
		{19CC2B7D-3D79-4EC1-A2B9-BFF1F937F35F}.Release|x86.ActiveCfg = Release|x86
		{19CC2B7D-3D79-4EC1-A2B9-BFF1F937F35F}.Release|x86.Build.0 = Release|x86
		{BFC565D7-43A7-4415-B4EE-742E0D923EEE}.Debug|x86.ActiveCfg = Debug|x86
		{BFC565D7-43A7-4415-B4EE-742E0D923EEE}.Debug|x86.Build.0 = Debug|x86
		{BFC565D7-43A7-4415-B4EE-742E0D923EEE}.Release|x86.ActiveCfg = Release|x86
		{BFC565D7-43A7-4415-B4EE-742E0D923EEE}.Release|x86.Build.0 = Release|x86
	EndGlobalSection
	GlobalSection(SolutionProperties) = preSolution
		HideSolutionNode = FALSE
	EndGlobalSection
EndGlobal
