
Microsoft Visual Studio Solution File, Format Version 12.00
# Visual Studio Version 16
VisualStudioVersion = 16.0.29306.81
MinimumVisualStudioVersion = 10.0.40219.1
Project("{FAE04EC0-301F-11D3-BF4B-00C04F79EFBC}") = "FormCalculoIMC", "FormCalculoIMC\FormCalculoIMC.csproj", "{4E1D3A09-AF2B-40A7-AB1E-603232DD729D}"
EndProject
Global
	GlobalSection(SolutionConfigurationPlatforms) = preSolution
		Debug|Any CPU = Debug|Any CPU
		Release|Any CPU = Release|Any CPU
	EndGlobalSection
	GlobalSection(ProjectConfigurationPlatforms) = postSolution
		{4E1D3A09-AF2B-40A7-AB1E-603232DD729D}.Debug|Any CPU.ActiveCfg = Debug|Any CPU
		{4E1D3A09-AF2B-40A7-AB1E-603232DD729D}.Debug|Any CPU.Build.0 = Debug|Any CPU
		{4E1D3A09-AF2B-40A7-AB1E-603232DD729D}.Release|Any CPU.ActiveCfg = Release|Any CPU
		{4E1D3A09-AF2B-40A7-AB1E-603232DD729D}.Release|Any CPU.Build.0 = Release|Any CPU
	EndGlobalSection
	GlobalSection(SolutionProperties) = preSolution
		HideSolutionNode = FALSE
	EndGlobalSection
	GlobalSection(ExtensibilityGlobals) = postSolution
		SolutionGuid = {D239912B-8511-403F-9BF3-557F6DC56F81}
	EndGlobalSection
EndGlobal
