
Microsoft Visual Studio Solution File, Format Version 12.00
# Visual Studio Version 16
VisualStudioVersion = 16.0.29306.81
MinimumVisualStudioVersion = 10.0.40219.1
Project("{FAE04EC0-301F-11D3-BF4B-00C04F79EFBC}") = "TreinandoHerançasDeClasses", "TreinandoHerançasDeClasses\TreinandoHerançasDeClasses.csproj", "{52BA664C-EF49-4AC6-AADA-CD7DE32E1423}"
EndProject
Global
	GlobalSection(SolutionConfigurationPlatforms) = preSolution
		Debug|Any CPU = Debug|Any CPU
		Release|Any CPU = Release|Any CPU
	EndGlobalSection
	GlobalSection(ProjectConfigurationPlatforms) = postSolution
		{52BA664C-EF49-4AC6-AADA-CD7DE32E1423}.Debug|Any CPU.ActiveCfg = Debug|Any CPU
		{52BA664C-EF49-4AC6-AADA-CD7DE32E1423}.Debug|Any CPU.Build.0 = Debug|Any CPU
		{52BA664C-EF49-4AC6-AADA-CD7DE32E1423}.Release|Any CPU.ActiveCfg = Release|Any CPU
		{52BA664C-EF49-4AC6-AADA-CD7DE32E1423}.Release|Any CPU.Build.0 = Release|Any CPU
	EndGlobalSection
	GlobalSection(SolutionProperties) = preSolution
		HideSolutionNode = FALSE
	EndGlobalSection
	GlobalSection(ExtensibilityGlobals) = postSolution
		SolutionGuid = {0BF27C5A-27C4-4F6A-88EF-C2B7146684AF}
	EndGlobalSection
EndGlobal
