
Microsoft Visual Studio Solution File, Format Version 12.00
# Visual Studio Version 16
VisualStudioVersion = 16.0.29306.81
MinimumVisualStudioVersion = 10.0.40219.1
Project("{9A19103F-16F7-4668-BE54-9A1E7A4F7556}") = "Media", "Exercicios\Media.csproj", "{C968BF11-5A02-478D-9A6C-9CF0721A96D9}"
EndProject
Project("{9A19103F-16F7-4668-BE54-9A1E7A4F7556}") = "ParOuImpar", "ParOuImpar\ParOuImpar.csproj", "{B98AAB4C-F51B-4EEE-964D-A788FA7DE399}"
EndProject
Project("{9A19103F-16F7-4668-BE54-9A1E7A4F7556}") = "VerificarIdade", "VerificarIdade\VerificarIdade.csproj", "{3CCB0C5A-78A1-4814-88C2-83DC7F70E2E4}"
EndProject
Project("{9A19103F-16F7-4668-BE54-9A1E7A4F7556}") = "SalarioAjustado", "SalarioAjustado\SalarioAjustado.csproj", "{E78E020A-7E84-44D7-9905-1BC6281DF15B}"
EndProject
Project("{9A19103F-16F7-4668-BE54-9A1E7A4F7556}") = "SomaDeInteiros", "SomaDeInteiros\SomaDeInteiros.csproj", "{DC98A56F-C97E-4E8C-8823-575948CDDE51}"
EndProject
Project("{9A19103F-16F7-4668-BE54-9A1E7A4F7556}") = "DivisaoDeInteiros", "DivisaoDeInteiros\DivisaoDeInteiros.csproj", "{126D39E4-E5B1-4975-8B30-7B1220537FA2}"
EndProject
Project("{9A19103F-16F7-4668-BE54-9A1E7A4F7556}") = "MaiorMenorMediaSoma", "MaiorMenorMediaSoma\MaiorMenorMediaSoma.csproj", "{0B1F32B3-1BE5-4F98-9F46-02B2FAC2044C}"
EndProject
Project("{9A19103F-16F7-4668-BE54-9A1E7A4F7556}") = "Triangulos", "Triangulos\Triangulos.csproj", "{C6AEFB92-F956-4220-A686-EFB9921251EB}"
EndProject
Project("{9A19103F-16F7-4668-BE54-9A1E7A4F7556}") = "NumeroTriangular", "NumeroTriangular\NumeroTriangular.csproj", "{221A55CC-2ADA-4471-B275-B246D094B457}"
EndProject
Project("{9A19103F-16F7-4668-BE54-9A1E7A4F7556}") = "EquacaoSegundoGrau", "EquacaoSegundoGrau\EquacaoSegundoGrau.csproj", "{8B1F8AFB-D72F-4BE6-9229-30689FC4E90F}"
EndProject
Project("{9A19103F-16F7-4668-BE54-9A1E7A4F7556}") = "Divisores", "Divisores\Divisores.csproj", "{CFB94044-E1C0-4478-ACA9-B85D2CF62646}"
EndProject
Project("{9A19103F-16F7-4668-BE54-9A1E7A4F7556}") = "MaximoDivisorComum", "MaximoDivisorComum\MaximoDivisorComum.csproj", "{3A20DAE9-2606-4659-981F-5148F593EB3D}"
EndProject
Project("{9A19103F-16F7-4668-BE54-9A1E7A4F7556}") = "MMC", "MMC\MMC.csproj", "{1092E532-2894-447E-B5F2-0E46B8BC7F05}"
EndProject
Project("{FAE04EC0-301F-11D3-BF4B-00C04F79EFBC}") = "NumeroPar", "NumeroPar\NumeroPar.csproj", "{06057F87-ABED-4405-AEFA-ADD50F0674DF}"
EndProject
Project("{FAE04EC0-301F-11D3-BF4B-00C04F79EFBC}") = "NumerosPrimos", "NumerosPrimos\NumerosPrimos.csproj", "{50A1DE2B-0289-4BE8-9200-6B4A95503FE0}"
EndProject
Global
	GlobalSection(SolutionConfigurationPlatforms) = preSolution
		Debug|Any CPU = Debug|Any CPU
		Release|Any CPU = Release|Any CPU
	EndGlobalSection
	GlobalSection(ProjectConfigurationPlatforms) = postSolution
		{C968BF11-5A02-478D-9A6C-9CF0721A96D9}.Debug|Any CPU.ActiveCfg = Debug|Any CPU
		{C968BF11-5A02-478D-9A6C-9CF0721A96D9}.Debug|Any CPU.Build.0 = Debug|Any CPU
		{C968BF11-5A02-478D-9A6C-9CF0721A96D9}.Release|Any CPU.ActiveCfg = Release|Any CPU
		{C968BF11-5A02-478D-9A6C-9CF0721A96D9}.Release|Any CPU.Build.0 = Release|Any CPU
		{B98AAB4C-F51B-4EEE-964D-A788FA7DE399}.Debug|Any CPU.ActiveCfg = Debug|Any CPU
		{B98AAB4C-F51B-4EEE-964D-A788FA7DE399}.Debug|Any CPU.Build.0 = Debug|Any CPU
		{B98AAB4C-F51B-4EEE-964D-A788FA7DE399}.Release|Any CPU.ActiveCfg = Release|Any CPU
		{B98AAB4C-F51B-4EEE-964D-A788FA7DE399}.Release|Any CPU.Build.0 = Release|Any CPU
		{3CCB0C5A-78A1-4814-88C2-83DC7F70E2E4}.Debug|Any CPU.ActiveCfg = Debug|Any CPU
		{3CCB0C5A-78A1-4814-88C2-83DC7F70E2E4}.Debug|Any CPU.Build.0 = Debug|Any CPU
		{3CCB0C5A-78A1-4814-88C2-83DC7F70E2E4}.Release|Any CPU.ActiveCfg = Release|Any CPU
		{3CCB0C5A-78A1-4814-88C2-83DC7F70E2E4}.Release|Any CPU.Build.0 = Release|Any CPU
		{E78E020A-7E84-44D7-9905-1BC6281DF15B}.Debug|Any CPU.ActiveCfg = Debug|Any CPU
		{E78E020A-7E84-44D7-9905-1BC6281DF15B}.Debug|Any CPU.Build.0 = Debug|Any CPU
		{E78E020A-7E84-44D7-9905-1BC6281DF15B}.Release|Any CPU.ActiveCfg = Release|Any CPU
		{E78E020A-7E84-44D7-9905-1BC6281DF15B}.Release|Any CPU.Build.0 = Release|Any CPU
		{DC98A56F-C97E-4E8C-8823-575948CDDE51}.Debug|Any CPU.ActiveCfg = Debug|Any CPU
		{DC98A56F-C97E-4E8C-8823-575948CDDE51}.Debug|Any CPU.Build.0 = Debug|Any CPU
		{DC98A56F-C97E-4E8C-8823-575948CDDE51}.Release|Any CPU.ActiveCfg = Release|Any CPU
		{DC98A56F-C97E-4E8C-8823-575948CDDE51}.Release|Any CPU.Build.0 = Release|Any CPU
		{126D39E4-E5B1-4975-8B30-7B1220537FA2}.Debug|Any CPU.ActiveCfg = Debug|Any CPU
		{126D39E4-E5B1-4975-8B30-7B1220537FA2}.Debug|Any CPU.Build.0 = Debug|Any CPU
		{126D39E4-E5B1-4975-8B30-7B1220537FA2}.Release|Any CPU.ActiveCfg = Release|Any CPU
		{126D39E4-E5B1-4975-8B30-7B1220537FA2}.Release|Any CPU.Build.0 = Release|Any CPU
		{0B1F32B3-1BE5-4F98-9F46-02B2FAC2044C}.Debug|Any CPU.ActiveCfg = Debug|Any CPU
		{0B1F32B3-1BE5-4F98-9F46-02B2FAC2044C}.Debug|Any CPU.Build.0 = Debug|Any CPU
		{0B1F32B3-1BE5-4F98-9F46-02B2FAC2044C}.Release|Any CPU.ActiveCfg = Release|Any CPU
		{0B1F32B3-1BE5-4F98-9F46-02B2FAC2044C}.Release|Any CPU.Build.0 = Release|Any CPU
		{C6AEFB92-F956-4220-A686-EFB9921251EB}.Debug|Any CPU.ActiveCfg = Debug|Any CPU
		{C6AEFB92-F956-4220-A686-EFB9921251EB}.Debug|Any CPU.Build.0 = Debug|Any CPU
		{C6AEFB92-F956-4220-A686-EFB9921251EB}.Release|Any CPU.ActiveCfg = Release|Any CPU
		{C6AEFB92-F956-4220-A686-EFB9921251EB}.Release|Any CPU.Build.0 = Release|Any CPU
		{221A55CC-2ADA-4471-B275-B246D094B457}.Debug|Any CPU.ActiveCfg = Debug|Any CPU
		{221A55CC-2ADA-4471-B275-B246D094B457}.Debug|Any CPU.Build.0 = Debug|Any CPU
		{221A55CC-2ADA-4471-B275-B246D094B457}.Release|Any CPU.ActiveCfg = Release|Any CPU
		{221A55CC-2ADA-4471-B275-B246D094B457}.Release|Any CPU.Build.0 = Release|Any CPU
		{8B1F8AFB-D72F-4BE6-9229-30689FC4E90F}.Debug|Any CPU.ActiveCfg = Debug|Any CPU
		{8B1F8AFB-D72F-4BE6-9229-30689FC4E90F}.Debug|Any CPU.Build.0 = Debug|Any CPU
		{8B1F8AFB-D72F-4BE6-9229-30689FC4E90F}.Release|Any CPU.ActiveCfg = Release|Any CPU
		{8B1F8AFB-D72F-4BE6-9229-30689FC4E90F}.Release|Any CPU.Build.0 = Release|Any CPU
		{CFB94044-E1C0-4478-ACA9-B85D2CF62646}.Debug|Any CPU.ActiveCfg = Debug|Any CPU
		{CFB94044-E1C0-4478-ACA9-B85D2CF62646}.Debug|Any CPU.Build.0 = Debug|Any CPU
		{CFB94044-E1C0-4478-ACA9-B85D2CF62646}.Release|Any CPU.ActiveCfg = Release|Any CPU
		{CFB94044-E1C0-4478-ACA9-B85D2CF62646}.Release|Any CPU.Build.0 = Release|Any CPU
		{3A20DAE9-2606-4659-981F-5148F593EB3D}.Debug|Any CPU.ActiveCfg = Debug|Any CPU
		{3A20DAE9-2606-4659-981F-5148F593EB3D}.Debug|Any CPU.Build.0 = Debug|Any CPU
		{3A20DAE9-2606-4659-981F-5148F593EB3D}.Release|Any CPU.ActiveCfg = Release|Any CPU
		{3A20DAE9-2606-4659-981F-5148F593EB3D}.Release|Any CPU.Build.0 = Release|Any CPU
		{1092E532-2894-447E-B5F2-0E46B8BC7F05}.Debug|Any CPU.ActiveCfg = Debug|Any CPU
		{1092E532-2894-447E-B5F2-0E46B8BC7F05}.Debug|Any CPU.Build.0 = Debug|Any CPU
		{1092E532-2894-447E-B5F2-0E46B8BC7F05}.Release|Any CPU.ActiveCfg = Release|Any CPU
		{1092E532-2894-447E-B5F2-0E46B8BC7F05}.Release|Any CPU.Build.0 = Release|Any CPU
		{06057F87-ABED-4405-AEFA-ADD50F0674DF}.Debug|Any CPU.ActiveCfg = Debug|Any CPU
		{06057F87-ABED-4405-AEFA-ADD50F0674DF}.Debug|Any CPU.Build.0 = Debug|Any CPU
		{06057F87-ABED-4405-AEFA-ADD50F0674DF}.Release|Any CPU.ActiveCfg = Release|Any CPU
		{06057F87-ABED-4405-AEFA-ADD50F0674DF}.Release|Any CPU.Build.0 = Release|Any CPU
		{50A1DE2B-0289-4BE8-9200-6B4A95503FE0}.Debug|Any CPU.ActiveCfg = Debug|Any CPU
		{50A1DE2B-0289-4BE8-9200-6B4A95503FE0}.Debug|Any CPU.Build.0 = Debug|Any CPU
		{50A1DE2B-0289-4BE8-9200-6B4A95503FE0}.Release|Any CPU.ActiveCfg = Release|Any CPU
		{50A1DE2B-0289-4BE8-9200-6B4A95503FE0}.Release|Any CPU.Build.0 = Release|Any CPU
	EndGlobalSection
	GlobalSection(SolutionProperties) = preSolution
		HideSolutionNode = FALSE
	EndGlobalSection
	GlobalSection(ExtensibilityGlobals) = postSolution
		SolutionGuid = {234CE48C-47DC-4750-A155-8835D36610B1}
	EndGlobalSection
EndGlobal
